// !$*UTF8*$!
{
	archiveVersion = 1;
	classes = {
	};
	objectVersion = 46;
	objects = {

/* Begin PBXBuildFile section */
		067B3B981E77CEC300A8D550 /* AppDelegate.swift in Sources */ = {isa = PBXBuildFile; fileRef = 067B3B971E77CEC300A8D550 /* AppDelegate.swift */; };
		067B3B9A1E77CEC300A8D550 /* ViewController.swift in Sources */ = {isa = PBXBuildFile; fileRef = 067B3B991E77CEC300A8D550 /* ViewController.swift */; };
		067B3B9D1E77CEC300A8D550 /* Main.storyboard in Resources */ = {isa = PBXBuildFile; fileRef = 067B3B9B1E77CEC300A8D550 /* Main.storyboard */; };
		067B3B9F1E77CEC300A8D550 /* Assets.xcassets in Resources */ = {isa = PBXBuildFile; fileRef = 067B3B9E1E77CEC300A8D550 /* Assets.xcassets */; };
		067B3BA21E77CEC300A8D550 /* LaunchScreen.storyboard in Resources */ = {isa = PBXBuildFile; fileRef = 067B3BA01E77CEC300A8D550 /* LaunchScreen.storyboard */; };
		067B3BAD1E77CEC400A8D550 /* PitchPerfectTests.swift in Sources */ = {isa = PBXBuildFile; fileRef = 067B3BAC1E77CEC400A8D550 /* PitchPerfectTests.swift */; };
		067B3BB81E77CEC400A8D550 /* PitchPerfectUITests.swift in Sources */ = {isa = PBXBuildFile; fileRef = 067B3BB71E77CEC400A8D550 /* PitchPerfectUITests.swift */; };
/* End PBXBuildFile section */

/* Begin PBXContainerItemProxy section */
		067B3BA91E77CEC400A8D550 /* PBXContainerItemProxy */ = {
			isa = PBXContainerItemProxy;
			containerPortal = 067B3B8C1E77CEC200A8D550 /* Project object */;
			proxyType = 1;
			remoteGlobalIDString = 067B3B931E77CEC200A8D550;
			remoteInfo = PitchPerfect;
		};
		067B3BB41E77CEC400A8D550 /* PBXContainerItemProxy */ = {
			isa = PBXContainerItemProxy;
			containerPortal = 067B3B8C1E77CEC200A8D550 /* Project object */;
			proxyType = 1;
			remoteGlobalIDString = 067B3B931E77CEC200A8D550;
			remoteInfo = PitchPerfect;
		};
/* End PBXContainerItemProxy section */

/* Begin PBXFileReference section */
		067B3B941E77CEC300A8D550 /* PitchPerfect.app */ = {isa = PBXFileReference; explicitFileType = wrapper.application; includeInIndex = 0; path = PitchPerfect.app; sourceTree = BUILT_PRODUCTS_DIR; };
		067B3B971E77CEC300A8D550 /* AppDelegate.swift */ = {isa = PBXFileReference; lastKnownFileType = sourcecode.swift; path = AppDelegate.swift; sourceTree = "<group>"; };
		067B3B991E77CEC300A8D550 /* ViewController.swift */ = {isa = PBXFileReference; lastKnownFileType = sourcecode.swift; path = ViewController.swift; sourceTree = "<group>"; };
		067B3B9C1E77CEC300A8D550 /* Base */ = {isa = PBXFileReference; lastKnownFileType = file.storyboard; name = Base; path = Base.lproj/Main.storyboard; sourceTree = "<group>"; };
		067B3B9E1E77CEC300A8D550 /* Assets.xcassets */ = {isa = PBXFileReference; lastKnownFileType = folder.assetcatalog; path = Assets.xcassets; sourceTree = "<group>"; };
		067B3BA11E77CEC300A8D550 /* Base */ = {isa = PBXFileReference; lastKnownFileType = file.storyboard; name = Base; path = Base.lproj/LaunchScreen.storyboard; sourceTree = "<group>"; };
		067B3BA31E77CEC300A8D550 /* Info.plist */ = {isa = PBXFileReference; lastKnownFileType = text.plist.xml; path = Info.plist; sourceTree = "<group>"; };
		067B3BA81E77CEC400A8D550 /* PitchPerfectTests.xctest */ = {isa = PBXFileReference; explicitFileType = wrapper.cfbundle; includeInIndex = 0; path = PitchPerfectTests.xctest; sourceTree = BUILT_PRODUCTS_DIR; };
		067B3BAC1E77CEC400A8D550 /* PitchPerfectTests.swift */ = {isa = PBXFileReference; lastKnownFileType = sourcecode.swift; path = PitchPerfectTests.swift; sourceTree = "<group>"; };
		067B3BAE1E77CEC400A8D550 /* Info.plist */ = {isa = PBXFileReference; lastKnownFileType = text.plist.xml; path = Info.plist; sourceTree = "<group>"; };
		067B3BB31E77CEC400A8D550 /* PitchPerfectUITests.xctest */ = {isa = PBXFileReference; explicitFileType = wrapper.cfbundle; includeInIndex = 0; path = PitchPerfectUITests.xctest; sourceTree = BUILT_PRODUCTS_DIR; };
		067B3BB71E77CEC400A8D550 /* PitchPerfectUITests.swift */ = {isa = PBXFileReference; lastKnownFileType = sourcecode.swift; path = PitchPerfectUITests.swift; sourceTree = "<group>"; };
		067B3BB91E77CEC400A8D550 /* Info.plist */ = {isa = PBXFileReference; lastKnownFileType = text.plist.xml; path = Info.plist; sourceTree = "<group>"; };
/* End PBXFileReference section */

/* Begin PBXFrameworksBuildPhase section */
		067B3B911E77CEC200A8D550 /* Frameworks */ = {
			isa = PBXFrameworksBuildPhase;
			buildActionMask = 2147483647;
			files = (
			);
			runOnlyForDeploymentPostprocessing = 0;
		};
		067B3BA51E77CEC400A8D550 /* Frameworks */ = {
			isa = PBXFrameworksBuildPhase;
			buildActionMask = 2147483647;
			files = (
			);
			runOnlyForDeploymentPostprocessing = 0;
		};
		067B3BB01E77CEC400A8D550 /* Frameworks */ = {
			isa = PBXFrameworksBuildPhase;
			buildActionMask = 2147483647;
			files = (
			);
			runOnlyForDeploymentPostprocessing = 0;
		};
/* End PBXFrameworksBuildPhase section */

/* Begin PBXGroup section */
		067B3B8B1E77CEC200A8D550 = {
			isa = PBXGroup;
			children = (
				067B3B961E77CEC300A8D550 /* PitchPerfect */,
				067B3BAB1E77CEC400A8D550 /* PitchPerfectTests */,
				067B3BB61E77CEC400A8D550 /* PitchPerfectUITests */,
				067B3B951E77CEC300A8D550 /* Products */,
			);
			sourceTree = "<group>";
		};
		067B3B951E77CEC300A8D550 /* Products */ = {
			isa = PBXGroup;
			children = (
				067B3B941E77CEC300A8D550 /* PitchPerfect.app */,
				067B3BA81E77CEC400A8D550 /* PitchPerfectTests.xctest */,
				067B3BB31E77CEC400A8D550 /* PitchPerfectUITests.xctest */,
			);
			name = Products;
			sourceTree = "<group>";
		};
		067B3B961E77CEC300A8D550 /* PitchPerfect */ = {
			isa = PBXGroup;
			children = (
				067B3B971E77CEC300A8D550 /* AppDelegate.swift */,
				067B3B991E77CEC300A8D550 /* ViewController.swift */,
				067B3B9B1E77CEC300A8D550 /* Main.storyboard */,
				067B3B9E1E77CEC300A8D550 /* Assets.xcassets */,
				067B3BA01E77CEC300A8D550 /* LaunchScreen.storyboard */,
				067B3BA31E77CEC300A8D550 /* Info.plist */,
			);
			path = PitchPerfect;
			sourceTree = "<group>";
		};
		067B3BAB1E77CEC400A8D550 /* PitchPerfectTests */ = {
			isa = PBXGroup;
			children = (
				067B3BAC1E77CEC400A8D550 /* PitchPerfectTests.swift */,
				067B3BAE1E77CEC400A8D550 /* Info.plist */,
			);
			path = PitchPerfectTests;
			sourceTree = "<group>";
		};
		067B3BB61E77CEC400A8D550 /* PitchPerfectUITests */ = {
			isa = PBXGroup;
			children = (
				067B3BB71E77CEC400A8D550 /* PitchPerfectUITests.swift */,
				067B3BB91E77CEC400A8D550 /* Info.plist */,
			);
			path = PitchPerfectUITests;
			sourceTree = "<group>";
		};
/* End PBXGroup section */

/* Begin PBXNativeTarget section */
		067B3B931E77CEC200A8D550 /* PitchPerfect */ = {
			isa = PBXNativeTarget;
			buildConfigurationList = 067B3BBC1E77CEC400A8D550 /* Build configuration list for PBXNativeTarget "PitchPerfect" */;
			buildPhases = (
				067B3B901E77CEC200A8D550 /* Sources */,
				067B3B911E77CEC200A8D550 /* Frameworks */,
				067B3B921E77CEC200A8D550 /* Resources */,
			);
			buildRules = (
			);
			dependencies = (
			);
			name = PitchPerfect;
			productName = PitchPerfect;
			productReference = 067B3B941E77CEC300A8D550 /* PitchPerfect.app */;
			productType = "com.apple.product-type.application";
		};
		067B3BA71E77CEC400A8D550 /* PitchPerfectTests */ = {
			isa = PBXNativeTarget;
			buildConfigurationList = 067B3BBF1E77CEC400A8D550 /* Build configuration list for PBXNativeTarget "PitchPerfectTests" */;
			buildPhases = (
				067B3BA41E77CEC400A8D550 /* Sources */,
				067B3BA51E77CEC400A8D550 /* Frameworks */,
				067B3BA61E77CEC400A8D550 /* Resources */,
			);
			buildRules = (
			);
			dependencies = (
				067B3BAA1E77CEC400A8D550 /* PBXTargetDependency */,
			);
			name = PitchPerfectTests;
			productName = PitchPerfectTests;
			productReference = 067B3BA81E77CEC400A8D550 /* PitchPerfectTests.xctest */;
			productType = "com.apple.product-type.bundle.unit-test";
		};
		067B3BB21E77CEC400A8D550 /* PitchPerfectUITests */ = {
			isa = PBXNativeTarget;
			buildConfigurationList = 067B3BC21E77CEC400A8D550 /* Build configuration list for PBXNativeTarget "PitchPerfectUITests" */;
			buildPhases = (
				067B3BAF1E77CEC400A8D550 /* Sources */,
				067B3BB01E77CEC400A8D550 /* Frameworks */,
				067B3BB11E77CEC400A8D550 /* Resources */,
			);
			buildRules = (
			);
			dependencies = (
				067B3BB51E77CEC400A8D550 /* PBXTargetDependency */,
			);
			name = PitchPerfectUITests;
			productName = PitchPerfectUITests;
			productReference = 067B3BB31E77CEC400A8D550 /* PitchPerfectUITests.xctest */;
			productType = "com.apple.product-type.bundle.ui-testing";
		};
/* End PBXNativeTarget section */

/* Begin PBXProject section */
		067B3B8C1E77CEC200A8D550 /* Project object */ = {
			isa = PBXProject;
			attributes = {
				LastSwiftUpdateCheck = 0820;
				LastUpgradeCheck = 0820;
				ORGANIZATIONNAME = "HUIYU JIA";
				TargetAttributes = {
					067B3B931E77CEC200A8D550 = {
						CreatedOnToolsVersion = 8.2.1;
						ProvisioningStyle = Automatic;
					};
					067B3BA71E77CEC400A8D550 = {
						CreatedOnToolsVersion = 8.2.1;
						ProvisioningStyle = Automatic;
						TestTargetID = 067B3B931E77CEC200A8D550;
					};
					067B3BB21E77CEC400A8D550 = {
						CreatedOnToolsVersion = 8.2.1;
						ProvisioningStyle = Automatic;
						TestTargetID = 067B3B931E77CEC200A8D550;
					};
				};
			};
			buildConfigurationList = 067B3B8F1E77CEC200A8D550 /* Build configuration list for PBXProject "PitchPerfect" */;
			compatibilityVersion = "Xcode 3.2";
			developmentRegion = English;
			hasScannedForEncodings = 0;
			knownRegions = (
				en,
				Base,
			);
			mainGroup = 067B3B8B1E77CEC200A8D550;
			productRefGroup = 067B3B951E77CEC300A8D550 /* Products */;
			projectDirPath = "";
			projectRoot = "";
			targets = (
				067B3B931E77CEC200A8D550 /* PitchPerfect */,
				067B3BA71E77CEC400A8D550 /* PitchPerfectTests */,
				067B3BB21E77CEC400A8D550 /* PitchPerfectUITests */,
			);
		};
/* End PBXProject section */

/* Begin PBXResourcesBuildPhase section */
		067B3B921E77CEC200A8D550 /* Resources */ = {
			isa = PBXResourcesBuildPhase;
			buildActionMask = 2147483647;
			files = (
				067B3BA21E77CEC300A8D550 /* LaunchScreen.storyboard in Resources */,
				067B3B9F1E77CEC300A8D550 /* Assets.xcassets in Resources */,
				067B3B9D1E77CEC300A8D550 /* Main.storyboard in Resources */,
			);
			runOnlyForDeploymentPostprocessing = 0;
		};
		067B3BA61E77CEC400A8D550 /* Resources */ = {
			isa = PBXResourcesBuildPhase;
			buildActionMask = 2147483647;
			files = (
			);
			runOnlyForDeploymentPostprocessing = 0;
		};
		067B3BB11E77CEC400A8D550 /* Resources */ = {
			isa = PBXResourcesBuildPhase;
			buildActionMask = 2147483647;
			files = (
			);
			runOnlyForDeploymentPostprocessing = 0;
		};
/* End PBXResourcesBuildPhase section */

/* Begin PBXSourcesBuildPhase section */
		067B3B901E77CEC200A8D550 /* Sources */ = {
			isa = PBXSourcesBuildPhase;
			buildActionMask = 2147483647;
			files = (
				067B3B9A1E77CEC300A8D550 /* ViewController.swift in Sources */,
				067B3B981E77CEC300A8D550 /* AppDelegate.swift in Sources */,
			);
			runOnlyForDeploymentPostprocessing = 0;
		};
		067B3BA41E77CEC400A8D550 /* Sources */ = {
			isa = PBXSourcesBuildPhase;
			buildActionMask = 2147483647;
			files = (
				067B3BAD1E77CEC400A8D550 /* PitchPerfectTests.swift in Sources */,
			);
			runOnlyForDeploymentPostprocessing = 0;
		};
		067B3BAF1E77CEC400A8D550 /* Sources */ = {
			isa = PBXSourcesBuildPhase;
			buildActionMask = 2147483647;
			files = (
				067B3BB81E77CEC400A8D550 /* PitchPerfectUITests.swift in Sources */,
			);
			runOnlyForDeploymentPostprocessing = 0;
		};
/* End PBXSourcesBuildPhase section */

/* Begin PBXTargetDependency section */
		067B3BAA1E77CEC400A8D550 /* PBXTargetDependency */ = {
			isa = PBXTargetDependency;
			target = 067B3B931E77CEC200A8D550 /* PitchPerfect */;
			targetProxy = 067B3BA91E77CEC400A8D550 /* PBXContainerItemProxy */;
		};
		067B3BB51E77CEC400A8D550 /* PBXTargetDependency */ = {
			isa = PBXTargetDependency;
			target = 067B3B931E77CEC200A8D550 /* PitchPerfect */;
			targetProxy = 067B3BB41E77CEC400A8D550 /* PBXContainerItemProxy */;
		};
/* End PBXTargetDependency section */

/* Begin PBXVariantGroup section */
		067B3B9B1E77CEC300A8D550 /* Main.storyboard */ = {
			isa = PBXVariantGroup;
			children = (
				067B3B9C1E77CEC300A8D550 /* Base */,
			);
			name = Main.storyboard;
			sourceTree = "<group>";
		};
		067B3BA01E77CEC300A8D550 /* LaunchScreen.storyboard */ = {
			isa = PBXVariantGroup;
			children = (
				067B3BA11E77CEC300A8D550 /* Base */,
			);
			name = LaunchScreen.storyboard;
			sourceTree = "<group>";
		};
/* End PBXVariantGroup section */

/* Begin XCBuildConfiguration section */
		067B3BBA1E77CEC400A8D550 /* Debug */ = {
			isa = XCBuildConfiguration;
			buildSettings = {
				ALWAYS_SEARCH_USER_PATHS = NO;
				CLANG_ANALYZER_NONNULL = YES;
				CLANG_CXX_LANGUAGE_STANDARD = "gnu++0x";
				CLANG_CXX_LIBRARY = "libc++";
				CLANG_ENABLE_MODULES = YES;
				CLANG_ENABLE_OBJC_ARC = YES;
				CLANG_WARN_BOOL_CONVERSION = YES;
				CLANG_WARN_CONSTANT_CONVERSION = YES;
				CLANG_WARN_DIRECT_OBJC_ISA_USAGE = YES_ERROR;
				CLANG_WARN_DOCUMENTATION_COMMENTS = YES;
				CLANG_WARN_EMPTY_BODY = YES;
				CLANG_WARN_ENUM_CONVERSION = YES;
				CLANG_WARN_INFINITE_RECURSION = YES;
				CLANG_WARN_INT_CONVERSION = YES;
				CLANG_WARN_OBJC_ROOT_CLASS = YES_ERROR;
				CLANG_WARN_SUSPICIOUS_MOVE = YES;
				CLANG_WARN_UNREACHABLE_CODE = YES;
				CLANG_WARN__DUPLICATE_METHOD_MATCH = YES;
				"CODE_SIGN_IDENTITY[sdk=iphoneos*]" = "iPhone Developer";
				COPY_PHASE_STRIP = NO;
				DEBUG_INFORMATION_FORMAT = dwarf;
				ENABLE_STRICT_OBJC_MSGSEND = YES;
				ENABLE_TESTABILITY = YES;
				GCC_C_LANGUAGE_STANDARD = gnu99;
				GCC_DYNAMIC_NO_PIC = NO;
				GCC_NO_COMMON_BLOCKS = YES;
				GCC_OPTIMIZATION_LEVEL = 0;
				GCC_PREPROCESSOR_DEFINITIONS = (
					"DEBUG=1",
					"$(inherited)",
				);
				GCC_WARN_64_TO_32_BIT_CONVERSION = YES;
				GCC_WARN_ABOUT_RETURN_TYPE = YES_ERROR;
				GCC_WARN_UNDECLARED_SELECTOR = YES;
				GCC_WARN_UNINITIALIZED_AUTOS = YES_AGGRESSIVE;
				GCC_WARN_UNUSED_FUNCTION = YES;
				GCC_WARN_UNUSED_VARIABLE = YES;
				IPHONEOS_DEPLOYMENT_TARGET = 10.2;
				MTL_ENABLE_DEBUG_INFO = YES;
				ONLY_ACTIVE_ARCH = YES;
				SDKROOT = iphoneos;
				SWIFT_ACTIVE_COMPILATION_CONDITIONS = DEBUG;
				SWIFT_OPTIMIZATION_LEVEL = "-Onone";
				TARGETED_DEVICE_FAMILY = "1,2";
			};
			name = Debug;
		};
		067B3BBB1E77CEC400A8D550 /* Release */ = {
			isa = XCBuildConfiguration;
			buildSettings = {
				ALWAYS_SEARCH_USER_PATHS = NO;
				CLANG_ANALYZER_NONNULL = YES;
				CLANG_CXX_LANGUAGE_STANDARD = "gnu++0x";
				CLANG_CXX_LIBRARY = "libc++";
				CLANG_ENABLE_MODULES = YES;
				CLANG_ENABLE_OBJC_ARC = YES;
				CLANG_WARN_BOOL_CONVERSION = YES;
				CLANG_WARN_CONSTANT_CONVERSION = YES;
				CLANG_WARN_DIRECT_OBJC_ISA_USAGE = YES_ERROR;
				CLANG_WARN_DOCUMENTATION_COMMENTS = YES;
				CLANG_WARN_EMPTY_BODY = YES;
				CLANG_WARN_ENUM_CONVERSION = YES;
				CLANG_WARN_INFINITE_RECURSION = YES;
				CLANG_WARN_INT_CONVERSION = YES;
				CLANG_WARN_OBJC_ROOT_CLASS = YES_ERROR;
				CLANG_WARN_SUSPICIOUS_MOVE = YES;
				CLANG_WARN_UNREACHABLE_CODE = YES;
				CLANG_WARN__DUPLICATE_METHOD_MATCH = YES;
				"CODE_SIGN_IDENTITY[sdk=iphoneos*]" = "iPhone Developer";
				COPY_PHASE_STRIP = NO;
				DEBUG_INFORMATION_FORMAT = "dwarf-with-dsym";
				ENABLE_NS_ASSERTIONS = NO;
				ENABLE_STRICT_OBJC_MSGSEND = YES;
				GCC_C_LANGUAGE_STANDARD = gnu99;
				GCC_NO_COMMON_BLOCKS = YES;
				GCC_WARN_64_TO_32_BIT_CONVERSION = YES;
				GCC_WARN_ABOUT_RETURN_TYPE = YES_ERROR;
				GCC_WARN_UNDECLARED_SELECTOR = YES;
				GCC_WARN_UNINITIALIZED_AUTOS = YES_AGGRESSIVE;
				GCC_WARN_UNUSED_FUNCTION = YES;
				GCC_WARN_UNUSED_VARIABLE = YES;
				IPHONEOS_DEPLOYMENT_TARGET = 10.2;
				MTL_ENABLE_DEBUG_INFO = NO;
				SDKROOT = iphoneos;
				SWIFT_OPTIMIZATION_LEVEL = "-Owholemodule";
				TARGETED_DEVICE_FAMILY = "1,2";
				VALIDATE_PRODUCT = YES;
			};
			name = Release;
		};
		067B3BBD1E77CEC400A8D550 /* Debug */ = {
			isa = XCBuildConfiguration;
			buildSettings = {
				ASSETCATALOG_COMPILER_APPICON_NAME = AppIcon;
				INFOPLIST_FILE = PitchPerfect/Info.plist;
				LD_RUNPATH_SEARCH_PATHS = "$(inherited) @executable_path/Frameworks";
				PRODUCT_BUNDLE_IDENTIFIER = "OO-programming.PitchPerfect";
				PRODUCT_NAME = "$(TARGET_NAME)";
				SWIFT_VERSION = 3.0;
			};
			name = Debug;
		};
		067B3BBE1E77CEC400A8D550 /* Release */ = {
			isa = XCBuildConfiguration;
			buildSettings = {
				ASSETCATALOG_COMPILER_APPICON_NAME = AppIcon;
				INFOPLIST_FILE = PitchPerfect/Info.plist;
				LD_RUNPATH_SEARCH_PATHS = "$(inherited) @executable_path/Frameworks";
				PRODUCT_BUNDLE_IDENTIFIER = "OO-programming.PitchPerfect";
				PRODUCT_NAME = "$(TARGET_NAME)";
				SWIFT_VERSION = 3.0;
			};
			name = Release;
		};
		067B3BC01E77CEC400A8D550 /* Debug */ = {
			isa = XCBuildConfiguration;
			buildSettings = {
				ALWAYS_EMBED_SWIFT_STANDARD_LIBRARIES = YES;
				BUNDLE_LOADER = "$(TEST_HOST)";
				INFOPLIST_FILE = PitchPerfectTests/Info.plist;
				LD_RUNPATH_SEARCH_PATHS = "$(inherited) @executable_path/Frameworks @loader_path/Frameworks";
				PRODUCT_BUNDLE_IDENTIFIER = "OO-programming.PitchPerfectTests";
				PRODUCT_NAME = "$(TARGET_NAME)";
				SWIFT_VERSION = 3.0;
				TEST_HOST = "$(BUILT_PRODUCTS_DIR)/PitchPerfect.app/PitchPerfect";
			};
			name = Debug;
		};
		067B3BC11E77CEC400A8D550 /* Release */ = {
			isa = XCBuildConfiguration;
			buildSettings = {
				ALWAYS_EMBED_SWIFT_STANDARD_LIBRARIES = YES;
				BUNDLE_LOADER = "$(TEST_HOST)";
				INFOPLIST_FILE = PitchPerfectTests/Info.plist;
				LD_RUNPATH_SEARCH_PATHS = "$(inherited) @executable_path/Frameworks @loader_path/Frameworks";
				PRODUCT_BUNDLE_IDENTIFIER = "OO-programming.PitchPerfectTests";
				PRODUCT_NAME = "$(TARGET_NAME)";
				SWIFT_VERSION = 3.0;
				TEST_HOST = "$(BUILT_PRODUCTS_DIR)/PitchPerfect.app/PitchPerfect";
			};
			name = Release;
		};
		067B3BC31E77CEC400A8D550 /* Debug */ = {
			isa = XCBuildConfiguration;
			buildSettings = {
				ALWAYS_EMBED_SWIFT_STANDARD_LIBRARIES = YES;
				INFOPLIST_FILE = PitchPerfectUITests/Info.plist;
				LD_RUNPATH_SEARCH_PATHS = "$(inherited) @executable_path/Frameworks @loader_path/Frameworks";
				PRODUCT_BUNDLE_IDENTIFIER = "OO-programming.PitchPerfectUITests";
				PRODUCT_NAME = "$(TARGET_NAME)";
				SWIFT_VERSION = 3.0;
				TEST_TARGET_NAME = PitchPerfect;
			};
			name = Debug;
		};
		067B3BC41E77CEC400A8D550 /* Release */ = {
			isa = XCBuildConfiguration;
			buildSettings = {
				ALWAYS_EMBED_SWIFT_STANDARD_LIBRARIES = YES;
				INFOPLIST_FILE = PitchPerfectUITests/Info.plist;
				LD_RUNPATH_SEARCH_PATHS = "$(inherited) @executable_path/Frameworks @loader_path/Frameworks";
				PRODUCT_BUNDLE_IDENTIFIER = "OO-programming.PitchPerfectUITests";
				PRODUCT_NAME = "$(TARGET_NAME)";
				SWIFT_VERSION = 3.0;
				TEST_TARGET_NAME = PitchPerfect;
			};
			name = Release;
		};
/* End XCBuildConfiguration section */

/* Begin XCConfigurationList section */
		067B3B8F1E77CEC200A8D550 /* Build configuration list for PBXProject "PitchPerfect" */ = {
			isa = XCConfigurationList;
			buildConfigurations = (
				067B3BBA1E77CEC400A8D550 /* Debug */,
				067B3BBB1E77CEC400A8D550 /* Release */,
			);
			defaultConfigurationIsVisible = 0;
			defaultConfigurationName = Release;
		};
		067B3BBC1E77CEC400A8D550 /* Build configuration list for PBXNativeTarget "PitchPerfect" */ = {
			isa = XCConfigurationList;
			buildConfigurations = (
				067B3BBD1E77CEC400A8D550 /* Debug */,
				067B3BBE1E77CEC400A8D550 /* Release */,
			);
			defaultConfigurationIsVisible = 0;
			defaultConfigurationName = Release;
		};
		067B3BBF1E77CEC400A8D550 /* Build configuration list for PBXNativeTarget "PitchPerfectTests" */ = {
			isa = XCConfigurationList;
			buildConfigurations = (
				067B3BC01E77CEC400A8D550 /* Debug */,
				067B3BC11E77CEC400A8D550 /* Release */,
			);
			defaultConfigurationIsVisible = 0;
			defaultConfigurationName = Release;
		};
		067B3BC21E77CEC400A8D550 /* Build configuration list for PBXNativeTarget "PitchPerfectUITests" */ = {
			isa = XCConfigurationList;
			buildConfigurations = (
				067B3BC31E77CEC400A8D550 /* Debug */,
				067B3BC41E77CEC400A8D550 /* Release */,
			);
			defaultConfigurationIsVisible = 0;
			defaultConfigurationName = Release;
		};
/* End XCConfigurationList section */
	};
	rootObject = 067B3B8C1E77CEC200A8D550 /* Project object */;
}
